
Microsoft Visual Studio Solution File, Format Version 12.00
# Visual Studio 14
VisualStudioVersion = 14.0.23107.0
MinimumVisualStudioVersion = 10.0.40219.1
Project("{FAE04EC0-301F-11D3-BF4B-00C04F79EFBC}") = "Blackjack", "Blackjack\Blackjack.csproj", "{D340F0F3-FED3-4DD3-B33B-4D29C777EC49}"
EndProject
Global
	GlobalSection(SolutionConfigurationPlatforms) = preSolution
		Debug|x86 = Debug|x86
		Release|x86 = Release|x86
	EndGlobalSection
	GlobalSection(ProjectConfigurationPlatforms) = postSolution
		{D340F0F3-FED3-4DD3-B33B-4D29C777EC49}.Debug|x86.ActiveCfg = Debug|x86
		{D340F0F3-FED3-4DD3-B33B-4D29C777EC49}.Debug|x86.Build.0 = Debug|x86
		{D340F0F3-FED3-4DD3-B33B-4D29C777EC49}.Release|x86.ActiveCfg = Release|x86
		{D340F0F3-FED3-4DD3-B33B-4D29C777EC49}.Release|x86.Build.0 = Release|x86
	EndGlobalSection
	GlobalSection(SolutionProperties) = preSolution
		HideSolutionNode = FALSE
	EndGlobalSection
EndGlobal
